
Microsoft Visual Studio Solution File, Format Version 12.00
# Visual Studio Version 17
VisualStudioVersion = 17.0.32014.148
MinimumVisualStudioVersion = 10.0.40219.1
Project("{FAE04EC0-301F-11D3-BF4B-00C04F79EFBC}") = "Example-sql-project", "Example-sql-project\Example-sql-project.csproj", "{B76BC08B-FB79-4189-BECD-DE1D66D99516}"
EndProject
Global
	GlobalSection(SolutionConfigurationPlatforms) = preSolution
		Debug|Any CPU = Debug|Any CPU
		Release|Any CPU = Release|Any CPU
	EndGlobalSection
	GlobalSection(ProjectConfigurationPlatforms) = postSolution
		{B76BC08B-FB79-4189-BECD-DE1D66D99516}.Debug|Any CPU.ActiveCfg = Debug|Any CPU
		{B76BC08B-FB79-4189-BECD-DE1D66D99516}.Debug|Any CPU.Build.0 = Debug|Any CPU
		{B76BC08B-FB79-4189-BECD-DE1D66D99516}.Release|Any CPU.ActiveCfg = Release|Any CPU
		{B76BC08B-FB79-4189-BECD-DE1D66D99516}.Release|Any CPU.Build.0 = Release|Any CPU
	EndGlobalSection
	GlobalSection(SolutionProperties) = preSolution
		HideSolutionNode = FALSE
	EndGlobalSection
	GlobalSection(ExtensibilityGlobals) = postSolution
		SolutionGuid = {28F6067A-BD0E-485F-ACDB-D4A57BE5344B}
	EndGlobalSection
EndGlobal
